// !$*UTF8*$!
{
	archiveVersion = 1;
	classes = {
	};
	objectVersion = 50;
	objects = {

/* Begin PBXBuildFile section */
		4EDFFDB72162F68A00B13D82 /* AppDelegate.swift in Sources */ = {isa = PBXBuildFile; fileRef = 4EDFFDB62162F68A00B13D82 /* AppDelegate.swift */; };
		4EDFFDB92162F68A00B13D82 /* ViewController.swift in Sources */ = {isa = PBXBuildFile; fileRef = 4EDFFDB82162F68A00B13D82 /* ViewController.swift */; };
		4EDFFDBC2162F68A00B13D82 /* Main.storyboard in Resources */ = {isa = PBXBuildFile; fileRef = 4EDFFDBA2162F68A00B13D82 /* Main.storyboard */; };
		4EDFFDBE2162F68C00B13D82 /* Assets.xcassets in Resources */ = {isa = PBXBuildFile; fileRef = 4EDFFDBD2162F68C00B13D82 /* Assets.xcassets */; };
		4EDFFDC12162F68C00B13D82 /* LaunchScreen.storyboard in Resources */ = {isa = PBXBuildFile; fileRef = 4EDFFDBF2162F68C00B13D82 /* LaunchScreen.storyboard */; };
		4EDFFDCC2162F68C00B13D82 /* Tip_CalculatorTests.swift in Sources */ = {isa = PBXBuildFile; fileRef = 4EDFFDCB2162F68C00B13D82 /* Tip_CalculatorTests.swift */; };
		4EDFFDD72162F68C00B13D82 /* Tip_CalculatorUITests.swift in Sources */ = {isa = PBXBuildFile; fileRef = 4EDFFDD62162F68C00B13D82 /* Tip_CalculatorUITests.swift */; };
/* End PBXBuildFile section */

/* Begin PBXContainerItemProxy section */
		4EDFFDC82162F68C00B13D82 /* PBXContainerItemProxy */ = {
			isa = PBXContainerItemProxy;
			containerPortal = 4EDFFDAB2162F68A00B13D82 /* Project object */;
			proxyType = 1;
			remoteGlobalIDString = 4EDFFDB22162F68A00B13D82;
			remoteInfo = "Tip Calculator";
		};
		4EDFFDD32162F68C00B13D82 /* PBXContainerItemProxy */ = {
			isa = PBXContainerItemProxy;
			containerPortal = 4EDFFDAB2162F68A00B13D82 /* Project object */;
			proxyType = 1;
			remoteGlobalIDString = 4EDFFDB22162F68A00B13D82;
			remoteInfo = "Tip Calculator";
		};
/* End PBXContainerItemProxy section */

/* Begin PBXFileReference section */
		4EDFFDB32162F68A00B13D82 /* Tip Calculator.app */ = {isa = PBXFileReference; explicitFileType = wrapper.application; includeInIndex = 0; path = "Tip Calculator.app"; sourceTree = BUILT_PRODUCTS_DIR; };
		4EDFFDB62162F68A00B13D82 /* AppDelegate.swift */ = {isa = PBXFileReference; lastKnownFileType = sourcecode.swift; path = AppDelegate.swift; sourceTree = "<group>"; };
		4EDFFDB82162F68A00B13D82 /* ViewController.swift */ = {isa = PBXFileReference; lastKnownFileType = sourcecode.swift; path = ViewController.swift; sourceTree = "<group>"; };
		4EDFFDBB2162F68A00B13D82 /* Base */ = {isa = PBXFileReference; lastKnownFileType = file.storyboard; name = Base; path = Base.lproj/Main.storyboard; sourceTree = "<group>"; };
		4EDFFDBD2162F68C00B13D82 /* Assets.xcassets */ = {isa = PBXFileReference; lastKnownFileType = folder.assetcatalog; path = Assets.xcassets; sourceTree = "<group>"; };
		4EDFFDC02162F68C00B13D82 /* Base */ = {isa = PBXFileReference; lastKnownFileType = file.storyboard; name = Base; path = Base.lproj/LaunchScreen.storyboard; sourceTree = "<group>"; };
		4EDFFDC22162F68C00B13D82 /* Info.plist */ = {isa = PBXFileReference; lastKnownFileType = text.plist.xml; path = Info.plist; sourceTree = "<group>"; };
		4EDFFDC72162F68C00B13D82 /* Tip CalculatorTests.xctest */ = {isa = PBXFileReference; explicitFileType = wrapper.cfbundle; includeInIndex = 0; path = "Tip CalculatorTests.xctest"; sourceTree = BUILT_PRODUCTS_DIR; };
		4EDFFDCB2162F68C00B13D82 /* Tip_CalculatorTests.swift */ = {isa = PBXFileReference; lastKnownFileType = sourcecode.swift; path = Tip_CalculatorTests.swift; sourceTree = "<group>"; };
		4EDFFDCD2162F68C00B13D82 /* Info.plist */ = {isa = PBXFileReference; lastKnownFileType = text.plist.xml; path = Info.plist; sourceTree = "<group>"; };
		4EDFFDD22162F68C00B13D82 /* Tip CalculatorUITests.xctest */ = {isa = PBXFileReference; explicitFileType = wrapper.cfbundle; includeInIndex = 0; path = "Tip CalculatorUITests.xctest"; sourceTree = BUILT_PRODUCTS_DIR; };
		4EDFFDD62162F68C00B13D82 /* Tip_CalculatorUITests.swift */ = {isa = PBXFileReference; lastKnownFileType = sourcecode.swift; path = Tip_CalculatorUITests.swift; sourceTree = "<group>"; };
		4EDFFDD82162F68C00B13D82 /* Info.plist */ = {isa = PBXFileReference; lastKnownFileType = text.plist.xml; path = Info.plist; sourceTree = "<group>"; };
/* End PBXFileReference section */

/* Begin PBXFrameworksBuildPhase section */
		4EDFFDB02162F68A00B13D82 /* Frameworks */ = {
			isa = PBXFrameworksBuildPhase;
			buildActionMask = 2147483647;
			files = (
			);
			runOnlyForDeploymentPostprocessing = 0;
		};
		4EDFFDC42162F68C00B13D82 /* Frameworks */ = {
			isa = PBXFrameworksBuildPhase;
			buildActionMask = 2147483647;
			files = (
			);
			runOnlyForDeploymentPostprocessing = 0;
		};
		4EDFFDCF2162F68C00B13D82 /* Frameworks */ = {
			isa = PBXFrameworksBuildPhase;
			buildActionMask = 2147483647;
			files = (
			);
			runOnlyForDeploymentPostprocessing = 0;
		};
/* End PBXFrameworksBuildPhase section */

/* Begin PBXGroup section */
		4EDFFDAA2162F68A00B13D82 = {
			isa = PBXGroup;
			children = (
				4EDFFDB52162F68A00B13D82 /* Tip Calculator */,
				4EDFFDCA2162F68C00B13D82 /* Tip CalculatorTests */,
				4EDFFDD52162F68C00B13D82 /* Tip CalculatorUITests */,
				4EDFFDB42162F68A00B13D82 /* Products */,
			);
			sourceTree = "<group>";
		};
		4EDFFDB42162F68A00B13D82 /* Products */ = {
			isa = PBXGroup;
			children = (
				4EDFFDB32162F68A00B13D82 /* Tip Calculator.app */,
				4EDFFDC72162F68C00B13D82 /* Tip CalculatorTests.xctest */,
				4EDFFDD22162F68C00B13D82 /* Tip CalculatorUITests.xctest */,
			);
			name = Products;
			sourceTree = "<group>";
		};
		4EDFFDB52162F68A00B13D82 /* Tip Calculator */ = {
			isa = PBXGroup;
			children = (
				4EDFFDB62162F68A00B13D82 /* AppDelegate.swift */,
				4EDFFDB82162F68A00B13D82 /* ViewController.swift */,
				4EDFFDBA2162F68A00B13D82 /* Main.storyboard */,
				4EDFFDBD2162F68C00B13D82 /* Assets.xcassets */,
				4EDFFDBF2162F68C00B13D82 /* LaunchScreen.storyboard */,
				4EDFFDC22162F68C00B13D82 /* Info.plist */,
			);
			path = "Tip Calculator";
			sourceTree = "<group>";
		};
		4EDFFDCA2162F68C00B13D82 /* Tip CalculatorTests */ = {
			isa = PBXGroup;
			children = (
				4EDFFDCB2162F68C00B13D82 /* Tip_CalculatorTests.swift */,
				4EDFFDCD2162F68C00B13D82 /* Info.plist */,
			);
			path = "Tip CalculatorTests";
			sourceTree = "<group>";
		};
		4EDFFDD52162F68C00B13D82 /* Tip CalculatorUITests */ = {
			isa = PBXGroup;
			children = (
				4EDFFDD62162F68C00B13D82 /* Tip_CalculatorUITests.swift */,
				4EDFFDD82162F68C00B13D82 /* Info.plist */,
			);
			path = "Tip CalculatorUITests";
			sourceTree = "<group>";
		};
/* End PBXGroup section */

/* Begin PBXNativeTarget section */
		4EDFFDB22162F68A00B13D82 /* Tip Calculator */ = {
			isa = PBXNativeTarget;
			buildConfigurationList = 4EDFFDDB2162F68C00B13D82 /* Build configuration list for PBXNativeTarget "Tip Calculator" */;
			buildPhases = (
				4EDFFDAF2162F68A00B13D82 /* Sources */,
				4EDFFDB02162F68A00B13D82 /* Frameworks */,
				4EDFFDB12162F68A00B13D82 /* Resources */,
			);
			buildRules = (
			);
			dependencies = (
			);
			name = "Tip Calculator";
			productName = "Tip Calculator";
			productReference = 4EDFFDB32162F68A00B13D82 /* Tip Calculator.app */;
			productType = "com.apple.product-type.application";
		};
		4EDFFDC62162F68C00B13D82 /* Tip CalculatorTests */ = {
			isa = PBXNativeTarget;
			buildConfigurationList = 4EDFFDDE2162F68C00B13D82 /* Build configuration list for PBXNativeTarget "Tip CalculatorTests" */;
			buildPhases = (
				4EDFFDC32162F68C00B13D82 /* Sources */,
				4EDFFDC42162F68C00B13D82 /* Frameworks */,
				4EDFFDC52162F68C00B13D82 /* Resources */,
			);
			buildRules = (
			);
			dependencies = (
				4EDFFDC92162F68C00B13D82 /* PBXTargetDependency */,
			);
			name = "Tip CalculatorTests";
			productName = "Tip CalculatorTests";
			productReference = 4EDFFDC72162F68C00B13D82 /* Tip CalculatorTests.xctest */;
			productType = "com.apple.product-type.bundle.unit-test";
		};
		4EDFFDD12162F68C00B13D82 /* Tip CalculatorUITests */ = {
			isa = PBXNativeTarget;
			buildConfigurationList = 4EDFFDE12162F68C00B13D82 /* Build configuration list for PBXNativeTarget "Tip CalculatorUITests" */;
			buildPhases = (
				4EDFFDCE2162F68C00B13D82 /* Sources */,
				4EDFFDCF2162F68C00B13D82 /* Frameworks */,
				4EDFFDD02162F68C00B13D82 /* Resources */,
			);
			buildRules = (
			);
			dependencies = (
				4EDFFDD42162F68C00B13D82 /* PBXTargetDependency */,
			);
			name = "Tip CalculatorUITests";
			productName = "Tip CalculatorUITests";
			productReference = 4EDFFDD22162F68C00B13D82 /* Tip CalculatorUITests.xctest */;
			productType = "com.apple.product-type.bundle.ui-testing";
		};
/* End PBXNativeTarget section */

/* Begin PBXProject section */
		4EDFFDAB2162F68A00B13D82 /* Project object */ = {
			isa = PBXProject;
			attributes = {
				LastSwiftUpdateCheck = 1000;
				LastUpgradeCheck = 1000;
				ORGANIZATIONNAME = "Sherin Stephen";
				TargetAttributes = {
					4EDFFDB22162F68A00B13D82 = {
						CreatedOnToolsVersion = 10.0;
					};
					4EDFFDC62162F68C00B13D82 = {
						CreatedOnToolsVersion = 10.0;
						TestTargetID = 4EDFFDB22162F68A00B13D82;
					};
					4EDFFDD12162F68C00B13D82 = {
						CreatedOnToolsVersion = 10.0;
						TestTargetID = 4EDFFDB22162F68A00B13D82;
					};
				};
			};
			buildConfigurationList = 4EDFFDAE2162F68A00B13D82 /* Build configuration list for PBXProject "Tip Calculator" */;
			compatibilityVersion = "Xcode 9.3";
			developmentRegion = en;
			hasScannedForEncodings = 0;
			knownRegions = (
				en,
				Base,
			);
			mainGroup = 4EDFFDAA2162F68A00B13D82;
			productRefGroup = 4EDFFDB42162F68A00B13D82 /* Products */;
			projectDirPath = "";
			projectRoot = "";
			targets = (
				4EDFFDB22162F68A00B13D82 /* Tip Calculator */,
				4EDFFDC62162F68C00B13D82 /* Tip CalculatorTests */,
				4EDFFDD12162F68C00B13D82 /* Tip CalculatorUITests */,
			);
		};
/* End PBXProject section */

/* Begin PBXResourcesBuildPhase section */
		4EDFFDB12162F68A00B13D82 /* Resources */ = {
			isa = PBXResourcesBuildPhase;
			buildActionMask = 2147483647;
			files = (
				4EDFFDC12162F68C00B13D82 /* LaunchScreen.storyboard in Resources */,
				4EDFFDBE2162F68C00B13D82 /* Assets.xcassets in Resources */,
				4EDFFDBC2162F68A00B13D82 /* Main.storyboard in Resources */,
			);
			runOnlyForDeploymentPostprocessing = 0;
		};
		4EDFFDC52162F68C00B13D82 /* Resources */ = {
			isa = PBXResourcesBuildPhase;
			buildActionMask = 2147483647;
			files = (
			);
			runOnlyForDeploymentPostprocessing = 0;
		};
		4EDFFDD02162F68C00B13D82 /* Resources */ = {
			isa = PBXResourcesBuildPhase;
			buildActionMask = 2147483647;
			files = (
			);
			runOnlyForDeploymentPostprocessing = 0;
		};
/* End PBXResourcesBuildPhase section */

/* Begin PBXSourcesBuildPhase section */
		4EDFFDAF2162F68A00B13D82 /* Sources */ = {
			isa = PBXSourcesBuildPhase;
			buildActionMask = 2147483647;
			files = (
				4EDFFDB92162F68A00B13D82 /* ViewController.swift in Sources */,
				4EDFFDB72162F68A00B13D82 /* AppDelegate.swift in Sources */,
			);
			runOnlyForDeploymentPostprocessing = 0;
		};
		4EDFFDC32162F68C00B13D82 /* Sources */ = {
			isa = PBXSourcesBuildPhase;
			buildActionMask = 2147483647;
			files = (
				4EDFFDCC2162F68C00B13D82 /* Tip_CalculatorTests.swift in Sources */,
			);
			runOnlyForDeploymentPostprocessing = 0;
		};
		4EDFFDCE2162F68C00B13D82 /* Sources */ = {
			isa = PBXSourcesBuildPhase;
			buildActionMask = 2147483647;
			files = (
				4EDFFDD72162F68C00B13D82 /* Tip_CalculatorUITests.swift in Sources */,
			);
			runOnlyForDeploymentPostprocessing = 0;
		};
/* End PBXSourcesBuildPhase section */

/* Begin PBXTargetDependency section */
		4EDFFDC92162F68C00B13D82 /* PBXTargetDependency */ = {
			isa = PBXTargetDependency;
			target = 4EDFFDB22162F68A00B13D82 /* Tip Calculator */;
			targetProxy = 4EDFFDC82162F68C00B13D82 /* PBXContainerItemProxy */;
		};
		4EDFFDD42162F68C00B13D82 /* PBXTargetDependency */ = {
			isa = PBXTargetDependency;
			target = 4EDFFDB22162F68A00B13D82 /* Tip Calculator */;
			targetProxy = 4EDFFDD32162F68C00B13D82 /* PBXContainerItemProxy */;
		};
/* End PBXTargetDependency section */

/* Begin PBXVariantGroup section */
		4EDFFDBA2162F68A00B13D82 /* Main.storyboard */ = {
			isa = PBXVariantGroup;
			children = (
				4EDFFDBB2162F68A00B13D82 /* Base */,
			);
			name = Main.storyboard;
			sourceTree = "<group>";
		};
		4EDFFDBF2162F68C00B13D82 /* LaunchScreen.storyboard */ = {
			isa = PBXVariantGroup;
			children = (
				4EDFFDC02162F68C00B13D82 /* Base */,
			);
			name = LaunchScreen.storyboard;
			sourceTree = "<group>";
		};
/* End PBXVariantGroup section */

/* Begin XCBuildConfiguration section */
		4EDFFDD92162F68C00B13D82 /* Debug */ = {
			isa = XCBuildConfiguration;
			buildSettings = {
				ALWAYS_SEARCH_USER_PATHS = NO;
				CLANG_ANALYZER_NONNULL = YES;
				CLANG_ANALYZER_NUMBER_OBJECT_CONVERSION = YES_AGGRESSIVE;
				CLANG_CXX_LANGUAGE_STANDARD = "gnu++14";
				CLANG_CXX_LIBRARY = "libc++";
				CLANG_ENABLE_MODULES = YES;
				CLANG_ENABLE_OBJC_ARC = YES;
				CLANG_ENABLE_OBJC_WEAK = YES;
				CLANG_WARN_BLOCK_CAPTURE_AUTORELEASING = YES;
				CLANG_WARN_BOOL_CONVERSION = YES;
				CLANG_WARN_COMMA = YES;
				CLANG_WARN_CONSTANT_CONVERSION = YES;
				CLANG_WARN_DEPRECATED_OBJC_IMPLEMENTATIONS = YES;
				CLANG_WARN_DIRECT_OBJC_ISA_USAGE = YES_ERROR;
				CLANG_WARN_DOCUMENTATION_COMMENTS = YES;
				CLANG_WARN_EMPTY_BODY = YES;
				CLANG_WARN_ENUM_CONVERSION = YES;
				CLANG_WARN_INFINITE_RECURSION = YES;
				CLANG_WARN_INT_CONVERSION = YES;
				CLANG_WARN_NON_LITERAL_NULL_CONVERSION = YES;
				CLANG_WARN_OBJC_IMPLICIT_RETAIN_SELF = YES;
				CLANG_WARN_OBJC_LITERAL_CONVERSION = YES;
				CLANG_WARN_OBJC_ROOT_CLASS = YES_ERROR;
				CLANG_WARN_RANGE_LOOP_ANALYSIS = YES;
				CLANG_WARN_STRICT_PROTOTYPES = YES;
				CLANG_WARN_SUSPICIOUS_MOVE = YES;
				CLANG_WARN_UNGUARDED_AVAILABILITY = YES_AGGRESSIVE;
				CLANG_WARN_UNREACHABLE_CODE = YES;
				CLANG_WARN__DUPLICATE_METHOD_MATCH = YES;
				CODE_SIGN_IDENTITY = "iPhone Developer";
				COPY_PHASE_STRIP = NO;
				DEBUG_INFORMATION_FORMAT = dwarf;
				ENABLE_STRICT_OBJC_MSGSEND = YES;
				ENABLE_TESTABILITY = YES;
				GCC_C_LANGUAGE_STANDARD = gnu11;
				GCC_DYNAMIC_NO_PIC = NO;
				GCC_NO_COMMON_BLOCKS = YES;
				GCC_OPTIMIZATION_LEVEL = 0;
				GCC_PREPROCESSOR_DEFINITIONS = (
					"DEBUG=1",
					"$(inherited)",
				);
				GCC_WARN_64_TO_32_BIT_CONVERSION = YES;
				GCC_WARN_ABOUT_RETURN_TYPE = YES_ERROR;
				GCC_WARN_UNDECLARED_SELECTOR = YES;
				GCC_WARN_UNINITIALIZED_AUTOS = YES_AGGRESSIVE;
				GCC_WARN_UNUSED_FUNCTION = YES;
				GCC_WARN_UNUSED_VARIABLE = YES;
				IPHONEOS_DEPLOYMENT_TARGET = 12.0;
				MTL_ENABLE_DEBUG_INFO = INCLUDE_SOURCE;
				MTL_FAST_MATH = YES;
				ONLY_ACTIVE_ARCH = YES;
				SDKROOT = iphoneos;
				SWIFT_ACTIVE_COMPILATION_CONDITIONS = DEBUG;
				SWIFT_OPTIMIZATION_LEVEL = "-Onone";
			};
			name = Debug;
		};
		4EDFFDDA2162F68C00B13D82 /* Release */ = {
			isa = XCBuildConfiguration;
			buildSettings = {
				ALWAYS_SEARCH_USER_PATHS = NO;
				CLANG_ANALYZER_NONNULL = YES;
				CLANG_ANALYZER_NUMBER_OBJECT_CONVERSION = YES_AGGRESSIVE;
				CLANG_CXX_LANGUAGE_STANDARD = "gnu++14";
				CLANG_CXX_LIBRARY = "libc++";
				CLANG_ENABLE_MODULES = YES;
				CLANG_ENABLE_OBJC_ARC = YES;
				CLANG_ENABLE_OBJC_WEAK = YES;
				CLANG_WARN_BLOCK_CAPTURE_AUTORELEASING = YES;
				CLANG_WARN_BOOL_CONVERSION = YES;
				CLANG_WARN_COMMA = YES;
				CLANG_WARN_CONSTANT_CONVERSION = YES;
				CLANG_WARN_DEPRECATED_OBJC_IMPLEMENTATIONS = YES;
				CLANG_WARN_DIRECT_OBJC_ISA_USAGE = YES_ERROR;
				CLANG_WARN_DOCUMENTATION_COMMENTS = YES;
				CLANG_WARN_EMPTY_BODY = YES;
				CLANG_WARN_ENUM_CONVERSION = YES;
				CLANG_WARN_INFINITE_RECURSION = YES;
				CLANG_WARN_INT_CONVERSION = YES;
				CLANG_WARN_NON_LITERAL_NULL_CONVERSION = YES;
				CLANG_WARN_OBJC_IMPLICIT_RETAIN_SELF = YES;
				CLANG_WARN_OBJC_LITERAL_CONVERSION = YES;
				CLANG_WARN_OBJC_ROOT_CLASS = YES_ERROR;
				CLANG_WARN_RANGE_LOOP_ANALYSIS = YES;
				CLANG_WARN_STRICT_PROTOTYPES = YES;
				CLANG_WARN_SUSPICIOUS_MOVE = YES;
				CLANG_WARN_UNGUARDED_AVAILABILITY = YES_AGGRESSIVE;
				CLANG_WARN_UNREACHABLE_CODE = YES;
				CLANG_WARN__DUPLICATE_METHOD_MATCH = YES;
				CODE_SIGN_IDENTITY = "iPhone Developer";
				COPY_PHASE_STRIP = NO;
				DEBUG_INFORMATION_FORMAT = "dwarf-with-dsym";
				ENABLE_NS_ASSERTIONS = NO;
				ENABLE_STRICT_OBJC_MSGSEND = YES;
				GCC_C_LANGUAGE_STANDARD = gnu11;
				GCC_NO_COMMON_BLOCKS = YES;
				GCC_WARN_64_TO_32_BIT_CONVERSION = YES;
				GCC_WARN_ABOUT_RETURN_TYPE = YES_ERROR;
				GCC_WARN_UNDECLARED_SELECTOR = YES;
				GCC_WARN_UNINITIALIZED_AUTOS = YES_AGGRESSIVE;
				GCC_WARN_UNUSED_FUNCTION = YES;
				GCC_WARN_UNUSED_VARIABLE = YES;
				IPHONEOS_DEPLOYMENT_TARGET = 12.0;
				MTL_ENABLE_DEBUG_INFO = NO;
				MTL_FAST_MATH = YES;
				SDKROOT = iphoneos;
				SWIFT_COMPILATION_MODE = wholemodule;
				SWIFT_OPTIMIZATION_LEVEL = "-O";
				VALIDATE_PRODUCT = YES;
			};
			name = Release;
		};
		4EDFFDDC2162F68C00B13D82 /* Debug */ = {
			isa = XCBuildConfiguration;
			buildSettings = {
				ASSETCATALOG_COMPILER_APPICON_NAME = AppIcon;
				CODE_SIGN_STYLE = Automatic;
				INFOPLIST_FILE = "Tip Calculator/Info.plist";
				LD_RUNPATH_SEARCH_PATHS = (
					"$(inherited)",
					"@executable_path/Frameworks",
				);
				PRODUCT_BUNDLE_IDENTIFIER = "com.Sherin.Tip-Calculator";
				PRODUCT_NAME = "$(TARGET_NAME)";
				SWIFT_VERSION = 4.2;
				TARGETED_DEVICE_FAMILY = "1,2";
			};
			name = Debug;
		};
		4EDFFDDD2162F68C00B13D82 /* Release */ = {
			isa = XCBuildConfiguration;
			buildSettings = {
				ASSETCATALOG_COMPILER_APPICON_NAME = AppIcon;
				CODE_SIGN_STYLE = Automatic;
				INFOPLIST_FILE = "Tip Calculator/Info.plist";
				LD_RUNPATH_SEARCH_PATHS = (
					"$(inherited)",
					"@executable_path/Frameworks",
				);
				PRODUCT_BUNDLE_IDENTIFIER = "com.Sherin.Tip-Calculator";
				PRODUCT_NAME = "$(TARGET_NAME)";
				SWIFT_VERSION = 4.2;
				TARGETED_DEVICE_FAMILY = "1,2";
			};
			name = Release;
		};
		4EDFFDDF2162F68C00B13D82 /* Debug */ = {
			isa = XCBuildConfiguration;
			buildSettings = {
				ALWAYS_EMBED_SWIFT_STANDARD_LIBRARIES = YES;
				BUNDLE_LOADER = "$(TEST_HOST)";
				CODE_SIGN_STYLE = Automatic;
				INFOPLIST_FILE = "Tip CalculatorTests/Info.plist";
				LD_RUNPATH_SEARCH_PATHS = (
					"$(inherited)",
					"@executable_path/Frameworks",
					"@loader_path/Frameworks",
				);
				PRODUCT_BUNDLE_IDENTIFIER = "com.Sherin.Tip-CalculatorTests";
				PRODUCT_NAME = "$(TARGET_NAME)";
				SWIFT_VERSION = 4.2;
				TARGETED_DEVICE_FAMILY = "1,2";
				TEST_HOST = "$(BUILT_PRODUCTS_DIR)/Tip Calculator.app/Tip Calculator";
			};
			name = Debug;
		};
		4EDFFDE02162F68C00B13D82 /* Release */ = {
			isa = XCBuildConfiguration;
			buildSettings = {
				ALWAYS_EMBED_SWIFT_STANDARD_LIBRARIES = YES;
				BUNDLE_LOADER = "$(TEST_HOST)";
				CODE_SIGN_STYLE = Automatic;
				INFOPLIST_FILE = "Tip CalculatorTests/Info.plist";
				LD_RUNPATH_SEARCH_PATHS = (
					"$(inherited)",
					"@executable_path/Frameworks",
					"@loader_path/Frameworks",
				);
				PRODUCT_BUNDLE_IDENTIFIER = "com.Sherin.Tip-CalculatorTests";
				PRODUCT_NAME = "$(TARGET_NAME)";
				SWIFT_VERSION = 4.2;
				TARGETED_DEVICE_FAMILY = "1,2";
				TEST_HOST = "$(BUILT_PRODUCTS_DIR)/Tip Calculator.app/Tip Calculator";
			};
			name = Release;
		};
		4EDFFDE22162F68C00B13D82 /* Debug */ = {
			isa = XCBuildConfiguration;
			buildSettings = {
				ALWAYS_EMBED_SWIFT_STANDARD_LIBRARIES = YES;
				CODE_SIGN_STYLE = Automatic;
				INFOPLIST_FILE = "Tip CalculatorUITests/Info.plist";
				LD_RUNPATH_SEARCH_PATHS = (
					"$(inherited)",
					"@executable_path/Frameworks",
					"@loader_path/Frameworks",
				);
				PRODUCT_BUNDLE_IDENTIFIER = "com.Sherin.Tip-CalculatorUITests";
				PRODUCT_NAME = "$(TARGET_NAME)";
				SWIFT_VERSION = 4.2;
				TARGETED_DEVICE_FAMILY = "1,2";
				TEST_TARGET_NAME = "Tip Calculator";
			};
			name = Debug;
		};
		4EDFFDE32162F68C00B13D82 /* Release */ = {
			isa = XCBuildConfiguration;
			buildSettings = {
				ALWAYS_EMBED_SWIFT_STANDARD_LIBRARIES = YES;
				CODE_SIGN_STYLE = Automatic;
				INFOPLIST_FILE = "Tip CalculatorUITests/Info.plist";
				LD_RUNPATH_SEARCH_PATHS = (
					"$(inherited)",
					"@executable_path/Frameworks",
					"@loader_path/Frameworks",
				);
				PRODUCT_BUNDLE_IDENTIFIER = "com.Sherin.Tip-CalculatorUITests";
				PRODUCT_NAME = "$(TARGET_NAME)";
				SWIFT_VERSION = 4.2;
				TARGETED_DEVICE_FAMILY = "1,2";
				TEST_TARGET_NAME = "Tip Calculator";
			};
			name = Release;
		};
/* End XCBuildConfiguration section */

/* Begin XCConfigurationList section */
		4EDFFDAE2162F68A00B13D82 /* Build configuration list for PBXProject "Tip Calculator" */ = {
			isa = XCConfigurationList;
			buildConfigurations = (
				4EDFFDD92162F68C00B13D82 /* Debug */,
				4EDFFDDA2162F68C00B13D82 /* Release */,
			);
			defaultConfigurationIsVisible = 0;
			defaultConfigurationName = Release;
		};
		4EDFFDDB2162F68C00B13D82 /* Build configuration list for PBXNativeTarget "Tip Calculator" */ = {
			isa = XCConfigurationList;
			buildConfigurations = (
				4EDFFDDC2162F68C00B13D82 /* Debug */,
				4EDFFDDD2162F68C00B13D82 /* Release */,
			);
			defaultConfigurationIsVisible = 0;
			defaultConfigurationName = Release;
		};
		4EDFFDDE2162F68C00B13D82 /* Build configuration list for PBXNativeTarget "Tip CalculatorTests" */ = {
			isa = XCConfigurationList;
			buildConfigurations = (
				4EDFFDDF2162F68C00B13D82 /* Debug */,
				4EDFFDE02162F68C00B13D82 /* Release */,
			);
			defaultConfigurationIsVisible = 0;
			defaultConfigurationName = Release;
		};
		4EDFFDE12162F68C00B13D82 /* Build configuration list for PBXNativeTarget "Tip CalculatorUITests" */ = {
			isa = XCConfigurationList;
			buildConfigurations = (
				4EDFFDE22162F68C00B13D82 /* Debug */,
				4EDFFDE32162F68C00B13D82 /* Release */,
			);
			defaultConfigurationIsVisible = 0;
			defaultConfigurationName = Release;
		};
/* End XCConfigurationList section */
	};
	rootObject = 4EDFFDAB2162F68A00B13D82 /* Project object */;
}
